
Microsoft Visual Studio Solution File, Format Version 12.00
# Visual Studio Version 17
VisualStudioVersion = 17.3.32901.215
MinimumVisualStudioVersion = 10.0.40219.1
Project("{FAE04EC0-301F-11D3-BF4B-00C04F79EFBC}") = "BusinessLogicLayer", "BusinessLogicLayer\BusinessLogicLayer.csproj", "{3CE32BBE-81BC-4943-80D6-1B3069CA42BE}"
EndProject
Project("{FAE04EC0-301F-11D3-BF4B-00C04F79EFBC}") = "DataAccessLayer", "DataAccessLayer\DataAccessLayer.csproj", "{B9009162-52E2-4337-94DC-40254E41ABC6}"
EndProject
Project("{FAE04EC0-301F-11D3-BF4B-00C04F79EFBC}") = "DTO", "DTO\DTO.csproj", "{A1B0C5D0-A36D-405D-8051-436648141C1B}"
EndProject
Project("{FAE04EC0-301F-11D3-BF4B-00C04F79EFBC}") = "PresentationLayer", "PresentationLayer\PresentationLayer.csproj", "{CCA587E5-DFA7-4100-A704-3354543CFEAB}"
EndProject
Global
	GlobalSection(SolutionConfigurationPlatforms) = preSolution
		Debug|Any CPU = Debug|Any CPU
		Release|Any CPU = Release|Any CPU
	EndGlobalSection
	GlobalSection(ProjectConfigurationPlatforms) = postSolution
		{3CE32BBE-81BC-4943-80D6-1B3069CA42BE}.Debug|Any CPU.ActiveCfg = Debug|Any CPU
		{3CE32BBE-81BC-4943-80D6-1B3069CA42BE}.Debug|Any CPU.Build.0 = Debug|Any CPU
		{3CE32BBE-81BC-4943-80D6-1B3069CA42BE}.Release|Any CPU.ActiveCfg = Release|Any CPU
		{3CE32BBE-81BC-4943-80D6-1B3069CA42BE}.Release|Any CPU.Build.0 = Release|Any CPU
		{B9009162-52E2-4337-94DC-40254E41ABC6}.Debug|Any CPU.ActiveCfg = Debug|Any CPU
		{B9009162-52E2-4337-94DC-40254E41ABC6}.Debug|Any CPU.Build.0 = Debug|Any CPU
		{B9009162-52E2-4337-94DC-40254E41ABC6}.Release|Any CPU.ActiveCfg = Release|Any CPU
		{B9009162-52E2-4337-94DC-40254E41ABC6}.Release|Any CPU.Build.0 = Release|Any CPU
		{A1B0C5D0-A36D-405D-8051-436648141C1B}.Debug|Any CPU.ActiveCfg = Debug|Any CPU
		{A1B0C5D0-A36D-405D-8051-436648141C1B}.Debug|Any CPU.Build.0 = Debug|Any CPU
		{A1B0C5D0-A36D-405D-8051-436648141C1B}.Release|Any CPU.ActiveCfg = Release|Any CPU
		{A1B0C5D0-A36D-405D-8051-436648141C1B}.Release|Any CPU.Build.0 = Release|Any CPU
		{CCA587E5-DFA7-4100-A704-3354543CFEAB}.Debug|Any CPU.ActiveCfg = Debug|Any CPU
		{CCA587E5-DFA7-4100-A704-3354543CFEAB}.Debug|Any CPU.Build.0 = Debug|Any CPU
		{CCA587E5-DFA7-4100-A704-3354543CFEAB}.Release|Any CPU.ActiveCfg = Release|Any CPU
		{CCA587E5-DFA7-4100-A704-3354543CFEAB}.Release|Any CPU.Build.0 = Release|Any CPU
	EndGlobalSection
	GlobalSection(SolutionProperties) = preSolution
		HideSolutionNode = FALSE
	EndGlobalSection
	GlobalSection(ExtensibilityGlobals) = postSolution
		SolutionGuid = {B2D5A7E7-F114-4CFA-8A9E-3FD47D235360}
	EndGlobalSection
EndGlobal
